
Microsoft Visual Studio Solution File, Format Version 12.00
# Visual Studio Version 16
VisualStudioVersion = 16.0.29609.76
MinimumVisualStudioVersion = 10.0.40219.1
Project("{FAE04EC0-301F-11D3-BF4B-00C04F79EFBC}") = "HRArraysDS", "HRArraysDS\HRArraysDS.csproj", "{6F4FA7C3-F553-4382-95F9-96FD95A80DC4}"
EndProject
Global
	GlobalSection(SolutionConfigurationPlatforms) = preSolution
		Debug|Any CPU = Debug|Any CPU
		Release|Any CPU = Release|Any CPU
	EndGlobalSection
	GlobalSection(ProjectConfigurationPlatforms) = postSolution
		{6F4FA7C3-F553-4382-95F9-96FD95A80DC4}.Debug|Any CPU.ActiveCfg = Debug|Any CPU
		{6F4FA7C3-F553-4382-95F9-96FD95A80DC4}.Debug|Any CPU.Build.0 = Debug|Any CPU
		{6F4FA7C3-F553-4382-95F9-96FD95A80DC4}.Release|Any CPU.ActiveCfg = Release|Any CPU
		{6F4FA7C3-F553-4382-95F9-96FD95A80DC4}.Release|Any CPU.Build.0 = Release|Any CPU
	EndGlobalSection
	GlobalSection(SolutionProperties) = preSolution
		HideSolutionNode = FALSE
	EndGlobalSection
	GlobalSection(ExtensibilityGlobals) = postSolution
		SolutionGuid = {CE937CEB-D964-4C08-9632-E8DD72AE375E}
	EndGlobalSection
EndGlobal
